
Microsoft Visual Studio Solution File, Format Version 12.00
# Visual Studio Version 17
VisualStudioVersion = 17.11.35222.181
MinimumVisualStudioVersion = 10.0.40219.1
Project("{FAE04EC0-301F-11D3-BF4B-00C04F79EFBC}") = "QuanLyNoir_BTL", "QuanLyNoir_BTL\QuanLyNoir_BTL.csproj", "{1A3CB0F7-E1EE-4981-83B7-CABD400B1737}"
EndProject
Global
	GlobalSection(SolutionConfigurationPlatforms) = preSolution
		Debug|Any CPU = Debug|Any CPU
		Release|Any CPU = Release|Any CPU
	EndGlobalSection
	GlobalSection(ProjectConfigurationPlatforms) = postSolution
		{1A3CB0F7-E1EE-4981-83B7-CABD400B1737}.Debug|Any CPU.ActiveCfg = Debug|Any CPU
		{1A3CB0F7-E1EE-4981-83B7-CABD400B1737}.Debug|Any CPU.Build.0 = Debug|Any CPU
		{1A3CB0F7-E1EE-4981-83B7-CABD400B1737}.Release|Any CPU.ActiveCfg = Release|Any CPU
		{1A3CB0F7-E1EE-4981-83B7-CABD400B1737}.Release|Any CPU.Build.0 = Release|Any CPU
	EndGlobalSection
	GlobalSection(SolutionProperties) = preSolution
		HideSolutionNode = FALSE
	EndGlobalSection
	GlobalSection(ExtensibilityGlobals) = postSolution
		SolutionGuid = {224989B8-A005-49F9-A1E9-F543A686221D}
	EndGlobalSection
EndGlobal
